
Microsoft Visual Studio Solution File, Format Version 12.00
# Visual Studio 15
VisualStudioVersion = 15.0.27703.2047
MinimumVisualStudioVersion = 10.0.40219.1
Project("{FAE04EC0-301F-11D3-BF4B-00C04F79EFBC}") = "WXAnswers", "WXAnswers\WXAnswers.csproj", "{8DCE2FA5-F53B-4186-A7F4-559AA3C58707}"
EndProject
Project("{9A19103F-16F7-4668-BE54-9A1E7A4F7556}") = "FunctionTestHelper", "FunctionTestHelper\FunctionTestHelper.csproj", "{24AA2EA0-A580-4ACE-A248-37B81789E780}"
EndProject
Project("{FAE04EC0-301F-11D3-BF4B-00C04F79EFBC}") = "WxAnswersUnitTests", "WxAnswersUnitTests\WxAnswersUnitTests.csproj", "{12FD1180-6A79-48DE-BB87-1ACB9B54AA45}"
EndProject
Global
	GlobalSection(SolutionConfigurationPlatforms) = preSolution
		Debug|Any CPU = Debug|Any CPU
		Release|Any CPU = Release|Any CPU
	EndGlobalSection
	GlobalSection(ProjectConfigurationPlatforms) = postSolution
		{8DCE2FA5-F53B-4186-A7F4-559AA3C58707}.Debug|Any CPU.ActiveCfg = Debug|Any CPU
		{8DCE2FA5-F53B-4186-A7F4-559AA3C58707}.Debug|Any CPU.Build.0 = Debug|Any CPU
		{8DCE2FA5-F53B-4186-A7F4-559AA3C58707}.Release|Any CPU.ActiveCfg = Release|Any CPU
		{8DCE2FA5-F53B-4186-A7F4-559AA3C58707}.Release|Any CPU.Build.0 = Release|Any CPU
		{24AA2EA0-A580-4ACE-A248-37B81789E780}.Debug|Any CPU.ActiveCfg = Debug|Any CPU
		{24AA2EA0-A580-4ACE-A248-37B81789E780}.Debug|Any CPU.Build.0 = Debug|Any CPU
		{24AA2EA0-A580-4ACE-A248-37B81789E780}.Release|Any CPU.ActiveCfg = Release|Any CPU
		{24AA2EA0-A580-4ACE-A248-37B81789E780}.Release|Any CPU.Build.0 = Release|Any CPU
		{12FD1180-6A79-48DE-BB87-1ACB9B54AA45}.Debug|Any CPU.ActiveCfg = Debug|Any CPU
		{12FD1180-6A79-48DE-BB87-1ACB9B54AA45}.Debug|Any CPU.Build.0 = Debug|Any CPU
		{12FD1180-6A79-48DE-BB87-1ACB9B54AA45}.Release|Any CPU.ActiveCfg = Release|Any CPU
		{12FD1180-6A79-48DE-BB87-1ACB9B54AA45}.Release|Any CPU.Build.0 = Release|Any CPU
	EndGlobalSection
	GlobalSection(SolutionProperties) = preSolution
		HideSolutionNode = FALSE
	EndGlobalSection
	GlobalSection(ExtensibilityGlobals) = postSolution
		SolutionGuid = {661BB49B-6D45-443B-9B9A-2E49B88B6164}
	EndGlobalSection
EndGlobal
